{
  "name": "gatsby-remark-highlight-code",
  "version": "1.0.0",
  "lockfileVersion": 1,
  "requires": true,
  "dependencies": {
    "@types/unist": {
      "version": "2.0.3",
      "resolved": "https://registry.npmjs.org/@types/unist/-/unist-2.0.3.tgz",
      "integrity": "sha512-FvUupuM3rlRsRtCN+fDudtmytGO6iHJuuRKS1Ss0pG5z8oX0diNEw94UEL7hgDbpN94rgaK5R7sWm6RrSkZuAQ=="
    },
    "gatsby-node-helpers": {
      "version": "0.3.0",
      "resolved": "https://registry.npmjs.org/gatsby-node-helpers/-/gatsby-node-helpers-0.3.0.tgz",
      "integrity": "sha1-O9yjt5AqcCpYNP7ygK1m1RCZ1Xw=",
      "requires": {
        "json-stringify-safe": "^5.0.1",
        "lodash": "^4.17.4",
        "p-is-promise": "^1.1.0"
      }
    },
    "json-stringify-safe": {
      "version": "5.0.1",
      "resolved": "https://registry.npmjs.org/json-stringify-safe/-/json-stringify-safe-5.0.1.tgz",
      "integrity": "sha1-Epai1Y/UXxmg9s4B1lcB4sc1tus="
    },
    "lodash": {
      "version": "4.17.15",
      "resolved": "https://registry.npmjs.org/lodash/-/lodash-4.17.15.tgz",
      "integrity": "sha512-8xOcRHvCjnocdS5cpwXQXVzmmh5e5+saE2QGoeQmbKmRS6J3VQppPOIt0MnmE+4xlZoumy0GPG0D0MVIQbNA1A=="
    },
    "p-is-promise": {
      "version": "1.1.0",
      "resolved": "https://registry.npmjs.org/p-is-promise/-/p-is-promise-1.1.0.tgz",
      "integrity": "sha1-nJRWmJ6fZYgBewQ01WCXZ1w9oF4="
    },
    "unist-util-is": {
      "version": "4.0.1",
      "resolved": "https://registry.npmjs.org/unist-util-is/-/unist-util-is-4.0.1.tgz",
      "integrity": "sha512-7NYjErP4LJtkEptPR22wO5RsCPnHZZrop7t2SoQzjvpFedCFer4WW8ujj9GI5DkUX7yVcffXLjoURf6h2QUv6Q=="
    },
    "unist-util-visit": {
      "version": "2.0.1",
      "resolved": "https://registry.npmjs.org/unist-util-visit/-/unist-util-visit-2.0.1.tgz",
      "integrity": "sha512-bEDa5S/O8WRDeI1mLaMoKuFFi89AjF+UAoMNxO+bbVdo06q+53Vhq4iiv1PenL6Rx1ZxIpXIzqZoc5HD2I1oMA==",
      "requires": {
        "@types/unist": "^2.0.0",
        "unist-util-is": "^4.0.0",
        "unist-util-visit-parents": "^3.0.0"
      }
    },
    "unist-util-visit-parents": {
      "version": "3.0.1",
      "resolved": "https://registry.npmjs.org/unist-util-visit-parents/-/unist-util-visit-parents-3.0.1.tgz",
      "integrity": "sha512-umEOTkm6/y1gIqPrqet55mYqlvGXCia/v1FSc5AveLAI7jFmOAIbqiwcHcviLcusAkEQt1bq2hixCKO9ltMb2Q==",
      "requires": {
        "@types/unist": "^2.0.0",
        "unist-util-is": "^4.0.0"
      }
    }
  }
}
